{
  "name": "plugins",
  "lockfileVersion": 3,
  "requires": true,
  "packages": {
    "": {
      "dependencies": {
        "ci": "^2.3.0",
        "tslib": "^2.8.1"
      }
    },
    "node_modules/ci": {
      "version": "2.3.0",
      "resolved": "https://registry.npmjs.org/ci/-/ci-2.3.0.tgz",
      "integrity": "sha512-0MGXkzJKkwV3enG7RUxjJKdiAkbaZ7visCjitfpCN2BQjv02KGRMxCHLv4RPokkjJ4xR33FLMAXweS+aQ0pFSQ==",
      "license": "MIT",
      "bin": {
        "ci": "dist/cli.js"
      },
      "funding": {
        "url": "https://github.com/privatenumber/ci?sponsor=1"
      }
    },
    "node_modules/tslib": {
      "version": "2.8.1",
      "resolved": "https://registry.npmjs.org/tslib/-/tslib-2.8.1.tgz",
      "integrity": "sha512-oJFu94HQb+KVduSUQL7wnpmqnfmLsOA/nAh6b6EH0wCEoK0/mPeXU6c3wKDV83MkOuHPRHtSXKKU99IBazS/2w==",
      "license": "0BSD"
    }
  }
}
